{
  "version": 4,
  "terraform_version": "1.9.2",
  "serial": 3,
  "lineage": "7cd00913-9ec0-bdd7-7801-bed75da56d52",
  "outputs": {},
  "resources": [
    {
      "mode": "managed",
      "type": "google_container_cluster",
      "name": "primary",
      "provider": "provider[\"registry.terraform.io/hashicorp/google\"]",
      "instances": [
        {
          "schema_version": 1,
          "attributes": {
            "addons_config": [
              {
                "cloudrun_config": [],
                "config_connector_config": [],
                "dns_cache_config": [],
                "gce_persistent_disk_csi_driver_config": [
                  {
                    "enabled": true
                  }
                ],
                "gcp_filestore_csi_driver_config": [],
                "gcs_fuse_csi_driver_config": [],
                "gke_backup_agent_config": [],
                "horizontal_pod_autoscaling": [],
                "http_load_balancing": [],
                "network_policy_config": [
                  {
                    "disabled": true
                  }
                ]
              }
            ],
            "allow_net_admin": null,
            "authenticator_groups_config": [],
            "binary_authorization": [
              {
                "enabled": false,
                "evaluation_mode": ""
              }
            ],
            "cluster_autoscaling": [
              {
                "auto_provisioning_defaults": [],
                "enabled": false,
                "resource_limits": []
              }
            ],
            "cluster_ipv4_cidr": "10.0.0.0/14",
            "confidential_nodes": [],
            "cost_management_config": [],
            "database_encryption": [
              {
                "key_name": "",
                "state": "DECRYPTED"
              }
            ],
            "datapath_provider": "",
            "default_max_pods_per_node": null,
            "default_snat_status": [
              {
                "disabled": false
              }
            ],
            "description": "",
            "dns_config": [],
            "enable_autopilot": false,
            "enable_binary_authorization": false,
            "enable_intranode_visibility": false,
            "enable_k8s_beta_apis": [],
            "enable_kubernetes_alpha": false,
            "enable_l4_ilb_subsetting": false,
            "enable_legacy_abac": false,
            "enable_shielded_nodes": true,
            "enable_tpu": false,
            "endpoint": "34.87.64.61",
            "gateway_api_config": [],
            "id": "projects/stoked-citizen-428110-s4/locations/asia-southeast1-a/clusters/stoked-citizen-428110-s4-gke",
            "initial_node_count": 1,
            "ip_allocation_policy": [],
            "label_fingerprint": "a9dc16a7",
            "location": "asia-southeast1-a",
            "logging_config": [
              {
                "enable_components": [
                  "SYSTEM_COMPONENTS",
                  "WORKLOADS"
                ]
              }
            ],
            "logging_service": "logging.googleapis.com/kubernetes",
            "maintenance_policy": [],
            "master_auth": [
              {
                "client_certificate": "",
                "client_certificate_config": [
                  {
                    "issue_client_certificate": false
                  }
                ],
                "client_key": "",
                "cluster_ca_certificate": "LS0tLS1CRUdJTiBDRVJUSUZJQ0FURS0tLS0tCk1JSUVMRENDQXBTZ0F3SUJBZ0lRVnloemxNTG9TOTFRZjlkenU3OHdEakFOQmdrcWhraUc5dzBCQVFzRkFEQXYKTVMwd0t3WURWUVFERXlSbFpqWmxaRFU1WlMweVpERXpMVFJrTkRJdFlqaGpOaTFsTjJKak5UZ3dZVGN5TWpBdwpJQmNOTWpRd056STNNRFF5TmpBNFdoZ1BNakExTkRBM01qQXdOVEkyTURoYU1DOHhMVEFyQmdOVkJBTVRKR1ZtCk5tVmtOVGxsTFRKa01UTXROR1EwTWkxaU9HTTJMV1UzWW1NMU9EQmhOekl5TURDQ0FhSXdEUVlKS29aSWh2Y04KQVFFQkJRQURnZ0dQQURDQ0FZb0NnZ0dCQUtETFVFWFZFWjNldENxOHlBSUNIakNBcTZyMzFvOU0yckRVMFVtQgp2UDlNS1BQUVplOHVScEtpWGhBSWZCbEtXZWRZNVg2K2FpYmhXcnRuM1liazFLeWF3WnBkS1VGeHdNZmliZVo5Cit5WlE2SklwQS9jTGR6VjUvYWU3SlRrb0h5VWxHRXRxZnZCSmhVUTZRYkppbTRHUHpkR1NLbmpzQnNFQnNoamoKdzR0eDVkTE53SU1zSUcxaXFLZjBSM3JwZjRDVHd1NVNOdUJ2SWFubHI3cEs0aVlJZ2pEQjUxM0t5bWxWQmFuSgpJaDJ0UDQ1SnR1bnlqK3VRcXpYMXlQcFVGS2t1emdSQWhhYmRiV2lZOURwbVdreTM4WjQrZHlmUXpOV1pPcU1rCk05OHBLOWQ1UHRCUk1XU0RzNzdLSFY4aEFvWnVtTDZVUTJCNWN0Zit1UW1EVHcwU0NkV3FKbXVKbFc3ZjBOS1gKVjg1Y0hZY1RzTHRRVWN2V2I3c0VMZXMzMmhFZWNCNTVTemFZZk1zcWlTcFBSWXBzNFk3NEpvYjhjRmFSMFVEWgpSTytiTExOc3hkaDE5L0dtWjMrc3lqTEwzYTlPK2IzNHp6TWxENktrcjZ2ZENTNzQwRjJ1UGZtYTl0Tk1WVFlZClFGajR6bEJ5bXFXODNMUWtlZWFUMkhNY2RRSURBUUFCbzBJd1FEQU9CZ05WSFE4QkFmOEVCQU1DQWdRd0R3WUQKVlIwVEFRSC9CQVV3QXdFQi96QWRCZ05WSFE0RUZnUVV0bkx5VEVhd1pMRHovYmJWNWJOQUhhNTZKM2t3RFFZSgpLb1pJaHZjTkFRRUxCUUFEZ2dHQkFGMDlCVkVrWDl0cU5VWk5kTHRsUEZLMVRsOGx6NlZMbSszdThINUliYm9BCjYwamZoVzlFekFnTm9QcFJhOEdYY09XR2pqNDB4WENjc3ZjczZHTWRaWTczK2s3K2I3WkJxUXdrZUV4NTFzemQKMjBGUmRzV0xvNVltaWk5T1FjUGtjNEhzeWorOW84NFZtQXR0emp2VkI3NmxPSE9Oa0taSDhoMHZ0YVc4UU4vQgpXRnBvKzNoNzBuS09ieWplcXVJa1AwNzdHTytZSFZobVhIWHBRbnNpMGhaZ0szRHNQWmQ5WVlFSHZocnVxYXY1CmFzdU9Ta0NmVnp4R1hJdlEyTVlxTWtTbjJlSm9ReDhkQ3lmbkh3TDFTR0RDNS94azcxWmVjM2VTbDM2N0U5czAKUnZISUVTWlNYTXkwNmRWWWdETXZoVnpuRmVwOEFPTHlZeVlSdklMM0ZuUFU2ay9UaXhCcVV5NjBGMlpEWEwrbQpmQ3J4M05HYjVtMVVhTmhMdUJJSnpMdFB5VE1YbU1EaTAxVTRNQ0Qwc0hMVEVMdmJUNkxxNTlVTG5kREdkZWdTClBjbmdoUnFHejRLNktxOEFBNk55Q2xQQTd6enM4OEh2QzZld2E2Y1V3VTZRODR0Q0tsbE41QWoreU5LK0NWeDEKWmNMazlDcVRBenNFcUJTREVNUE5Mdz09Ci0tLS0tRU5EIENFUlRJRklDQVRFLS0tLS0K"
              }
            ],
            "master_authorized_networks_config": [],
            "master_version": "1.29.6-gke.1038001",
            "mesh_certificates": [],
            "min_master_version": null,
            "monitoring_config": [
              {
                "advanced_datapath_observability_config": [
                  {
                    "enable_metrics": false,
                    "relay_mode": ""
                  }
                ],
                "enable_components": [
                  "SYSTEM_COMPONENTS",
                  "STORAGE",
                  "HPA",
                  "POD",
                  "DAEMONSET",
                  "DEPLOYMENT",
                  "STATEFULSET",
                  "CADVISOR",
                  "KUBELET"
                ],
                "managed_prometheus": [
                  {
                    "enabled": true
                  }
                ]
              }
            ],
            "monitoring_service": "monitoring.googleapis.com/kubernetes",
            "name": "stoked-citizen-428110-s4-gke",
            "network": "projects/stoked-citizen-428110-s4/global/networks/default",
            "network_policy": [
              {
                "enabled": false,
                "provider": "PROVIDER_UNSPECIFIED"
              }
            ],
            "networking_mode": "ROUTES",
            "node_config": [],
            "node_locations": [],
            "node_pool": [],
            "node_pool_defaults": [
              {
                "node_config_defaults": [
                  {
                    "logging_variant": "DEFAULT"
                  }
                ]
              }
            ],
            "node_version": "1.29.6-gke.1038001",
            "notification_config": [
              {
                "pubsub": [
                  {
                    "enabled": false,
                    "filter": [],
                    "topic": ""
                  }
                ]
              }
            ],
            "operation": null,
            "private_cluster_config": [
              {
                "enable_private_endpoint": false,
                "enable_private_nodes": false,
                "master_global_access_config": [
                  {
                    "enabled": false
                  }
                ],
                "master_ipv4_cidr_block": "",
                "peering_name": "",
                "private_endpoint": "10.148.0.26",
                "private_endpoint_subnetwork": "",
                "public_endpoint": "34.87.64.61"
              }
            ],
            "private_ipv6_google_access": "",
            "project": "stoked-citizen-428110-s4",
            "release_channel": [
              {
                "channel": "REGULAR"
              }
            ],
            "remove_default_node_pool": true,
            "resource_labels": null,
            "resource_usage_export_config": [],
            "security_posture_config": [
              {
                "mode": "BASIC",
                "vulnerability_mode": "VULNERABILITY_MODE_UNSPECIFIED"
              }
            ],
            "self_link": "https://container.googleapis.com/v1/projects/stoked-citizen-428110-s4/zones/asia-southeast1-a/clusters/stoked-citizen-428110-s4-gke",
            "service_external_ips_config": [
              {
                "enabled": false
              }
            ],
            "services_ipv4_cidr": "10.3.240.0/20",
            "subnetwork": "projects/stoked-citizen-428110-s4/regions/asia-southeast1/subnetworks/default",
            "timeouts": null,
            "tpu_ipv4_cidr_block": "",
            "vertical_pod_autoscaling": [],
            "workload_identity_config": []
          },
          "sensitive_attributes": [
            [
              {
                "type": "get_attr",
                "value": "master_auth"
              },
              {
                "type": "index",
                "value": {
                  "value": 0,
                  "type": "number"
                }
              },
              {
                "type": "get_attr",
                "value": "client_key"
              }
            ]
          ],
          "private": "eyJlMmJmYjczMC1lY2FhLTExZTYtOGY4OC0zNDM2M2JjN2M0YzAiOnsiY3JlYXRlIjoyNDAwMDAwMDAwMDAwLCJkZWxldGUiOjI0MDAwMDAwMDAwMDAsInJlYWQiOjI0MDAwMDAwMDAwMDAsInVwZGF0ZSI6MzYwMDAwMDAwMDAwMH0sInNjaGVtYV92ZXJzaW9uIjoiMSJ9"
        }
      ]
    },
    {
      "mode": "managed",
      "type": "google_container_node_pool",
      "name": "primary_preemptible_nodes",
      "provider": "provider[\"registry.terraform.io/hashicorp/google\"]",
      "instances": [
        {
          "schema_version": 1,
          "attributes": {
            "autoscaling": [
              {
                "location_policy": "BALANCED",
                "max_node_count": 3,
                "min_node_count": 1,
                "total_max_node_count": 0,
                "total_min_node_count": 0
              }
            ],
            "cluster": "stoked-citizen-428110-s4-gke",
            "id": "projects/stoked-citizen-428110-s4/locations/asia-southeast1-a/clusters/stoked-citizen-428110-s4-gke/nodePools/stoked-citizen-428110-s4-mode-pool",
            "initial_node_count": 3,
            "instance_group_urls": [
              "https://www.googleapis.com/compute/v1/projects/stoked-citizen-428110-s4/zones/asia-southeast1-a/instanceGroupManagers/gke-stoked-citizen-4-stoked-citizen-4-291a3a37-grp"
            ],
            "location": "asia-southeast1-a",
            "managed_instance_group_urls": [
              "https://www.googleapis.com/compute/v1/projects/stoked-citizen-428110-s4/zones/asia-southeast1-a/instanceGroups/gke-stoked-citizen-4-stoked-citizen-4-291a3a37-grp"
            ],
            "management": [
              {
                "auto_repair": true,
                "auto_upgrade": true
              }
            ],
            "max_pods_per_node": null,
            "name": "stoked-citizen-428110-s4-mode-pool",
            "name_prefix": "",
            "network_config": [],
            "node_config": [
              {
                "advanced_machine_features": [],
                "boot_disk_kms_key": "",
                "disk_size_gb": 30,
                "disk_type": "pd-balanced",
                "ephemeral_storage_local_ssd_config": [],
                "gcfs_config": [],
                "guest_accelerator": [],
                "gvnic": [],
                "host_maintenance_policy": [],
                "image_type": "COS_CONTAINERD",
                "kubelet_config": [],
                "labels": {},
                "linux_node_config": [],
                "local_nvme_ssd_block_config": [],
                "local_ssd_count": 0,
                "logging_variant": "DEFAULT",
                "machine_type": "e2-standard-4",
                "metadata": {
                  "disable-legacy-endpoints": "true"
                },
                "min_cpu_platform": "",
                "node_group": "",
                "oauth_scopes": [
                  "https://www.googleapis.com/auth/devstorage.read_only",
                  "https://www.googleapis.com/auth/logging.write",
                  "https://www.googleapis.com/auth/monitoring",
                  "https://www.googleapis.com/auth/service.management.readonly",
                  "https://www.googleapis.com/auth/servicecontrol",
                  "https://www.googleapis.com/auth/trace.append"
                ],
                "preemptible": false,
                "reservation_affinity": [],
                "resource_labels": null,
                "service_account": "default",
                "shielded_instance_config": [
                  {
                    "enable_integrity_monitoring": true,
                    "enable_secure_boot": false
                  }
                ],
                "sole_tenant_config": [],
                "spot": false,
                "tags": null,
                "taint": [],
                "workload_metadata_config": []
              }
            ],
            "node_count": 3,
            "node_locations": [
              "asia-southeast1-a"
            ],
            "operation": null,
            "placement_policy": [],
            "project": "stoked-citizen-428110-s4",
            "timeouts": null,
            "upgrade_settings": [
              {
                "blue_green_settings": [],
                "max_surge": 1,
                "max_unavailable": 0,
                "strategy": "SURGE"
              }
            ],
            "version": "1.29.6-gke.1038001"
          },
          "sensitive_attributes": [],
          "private": "eyJlMmJmYjczMC1lY2FhLTExZTYtOGY4OC0zNDM2M2JjN2M0YzAiOnsiY3JlYXRlIjoxODAwMDAwMDAwMDAwLCJkZWxldGUiOjE4MDAwMDAwMDAwMDAsInVwZGF0ZSI6MTgwMDAwMDAwMDAwMH0sInNjaGVtYV92ZXJzaW9uIjoiMSJ9",
          "dependencies": [
            "google_container_cluster.primary"
          ]
        }
      ]
    }
  ],
  "check_results": null
}
